// !$*UTF8*$!
{
	archiveVersion = 1;
	classes = {
	};
	objectVersion = 46;
	objects = {

/* Begin PBXBuildFile section */
		DD04112F17EAD1C200B27456 /* car.png in Resources */ = {isa = PBXBuildFile; fileRef = DD04112D17EAD1C200B27456 /* car.png */; };
		DD04113017EAD1C200B27456 /* passenger.png in Resources */ = {isa = PBXBuildFile; fileRef = DD04112E17EAD1C200B27456 /* passenger.png */; };
		DD04113817EAD92A00B27456 /* pin_dropoff.png in Resources */ = {isa = PBXBuildFile; fileRef = DD04113717EAD92A00B27456 /* pin_dropoff.png */; };
		DD04113C17EADBD800B27456 /* pin_pickup.png in Resources */ = {isa = PBXBuildFile; fileRef = DD04113B17EADBD800B27456 /* pin_pickup.png */; };
		DD04113E17EADDEB00B27456 /* button_background.png in Resources */ = {isa = PBXBuildFile; fileRef = DD04113D17EADDEB00B27456 /* button_background.png */; };
		DD04114117EC299600B27456 /* submit_button.png in Resources */ = {isa = PBXBuildFile; fileRef = DD04113F17EC299600B27456 /* submit_button.png */; };
		DD04114217EC299600B27456 /* clear_button.png in Resources */ = {isa = PBXBuildFile; fileRef = DD04114017EC299600B27456 /* clear_button.png */; };
		DD8B61151793CC79009591D6 /* UIKit.framework in Frameworks */ = {isa = PBXBuildFile; fileRef = DD8B61141793CC79009591D6 /* UIKit.framework */; };
		DD8B61171793CC79009591D6 /* Foundation.framework in Frameworks */ = {isa = PBXBuildFile; fileRef = DD8B61161793CC79009591D6 /* Foundation.framework */; };
		DD8B61191793CC79009591D6 /* CoreGraphics.framework in Frameworks */ = {isa = PBXBuildFile; fileRef = DD8B61181793CC79009591D6 /* CoreGraphics.framework */; };
		DD8B611F1793CC79009591D6 /* InfoPlist.strings in Resources */ = {isa = PBXBuildFile; fileRef = DD8B611D1793CC79009591D6 /* InfoPlist.strings */; };
		DD8B61211793CC79009591D6 /* main.m in Sources */ = {isa = PBXBuildFile; fileRef = DD8B61201793CC79009591D6 /* main.m */; };
		DD8B61251793CC79009591D6 /* AppDelegate.m in Sources */ = {isa = PBXBuildFile; fileRef = DD8B61241793CC79009591D6 /* AppDelegate.m */; };
		DD8B61271793CC79009591D6 /* Default.png in Resources */ = {isa = PBXBuildFile; fileRef = DD8B61261793CC79009591D6 /* Default.png */; };
		DD8B61291793CC79009591D6 /* Default@2x.png in Resources */ = {isa = PBXBuildFile; fileRef = DD8B61281793CC79009591D6 /* Default@2x.png */; };
		DD8B612B1793CC79009591D6 /* Default-568h@2x.png in Resources */ = {isa = PBXBuildFile; fileRef = DD8B612A1793CC79009591D6 /* Default-568h@2x.png */; };
		DD8B612E1793CC79009591D6 /* MainStoryboard.storyboard in Resources */ = {isa = PBXBuildFile; fileRef = DD8B612C1793CC79009591D6 /* MainStoryboard.storyboard */; };
		DD8B61311793CC79009591D6 /* ViewController.m in Sources */ = {isa = PBXBuildFile; fileRef = DD8B61301793CC79009591D6 /* ViewController.m */; };
		DD8B61381793CD45009591D6 /* Parse.framework in Frameworks */ = {isa = PBXBuildFile; fileRef = DD8B61371793CD45009591D6 /* Parse.framework */; };
		DD8B613A1793CD66009591D6 /* AudioToolbox.framework in Frameworks */ = {isa = PBXBuildFile; fileRef = DD8B61391793CD66009591D6 /* AudioToolbox.framework */; };
		DD8B613C1793CD6E009591D6 /* CFNetwork.framework in Frameworks */ = {isa = PBXBuildFile; fileRef = DD8B613B1793CD6E009591D6 /* CFNetwork.framework */; };
		DD8B613E1793CD80009591D6 /* CoreLocation.framework in Frameworks */ = {isa = PBXBuildFile; fileRef = DD8B613D1793CD80009591D6 /* CoreLocation.framework */; };
		DD8B61401793CD8A009591D6 /* libz.1.1.3.dylib in Frameworks */ = {isa = PBXBuildFile; fileRef = DD8B613F1793CD8A009591D6 /* libz.1.1.3.dylib */; };
		DD8B61421793CD91009591D6 /* MobileCoreServices.framework in Frameworks */ = {isa = PBXBuildFile; fileRef = DD8B61411793CD91009591D6 /* MobileCoreServices.framework */; };
		DD8B61441793CD97009591D6 /* QuartzCore.framework in Frameworks */ = {isa = PBXBuildFile; fileRef = DD8B61431793CD97009591D6 /* QuartzCore.framework */; };
		DD8B61461793CD9E009591D6 /* Security.framework in Frameworks */ = {isa = PBXBuildFile; fileRef = DD8B61451793CD9E009591D6 /* Security.framework */; };
		DD8B61481793CDA4009591D6 /* StoreKit.framework in Frameworks */ = {isa = PBXBuildFile; fileRef = DD8B61471793CDA4009591D6 /* StoreKit.framework */; };
		DD8B614A1793CDAB009591D6 /* SystemConfiguration.framework in Frameworks */ = {isa = PBXBuildFile; fileRef = DD8B61491793CDAB009591D6 /* SystemConfiguration.framework */; };
		DD8B614D1793D346009591D6 /* Passenger.m in Sources */ = {isa = PBXBuildFile; fileRef = DD8B614C1793D346009591D6 /* Passenger.m */; };
		DD8B61501793D57C009591D6 /* Driver.m in Sources */ = {isa = PBXBuildFile; fileRef = DD8B614F1793D57C009591D6 /* Driver.m */; };
		DD8B615317952C29009591D6 /* PassengerViewController.m in Sources */ = {isa = PBXBuildFile; fileRef = DD8B615217952C29009591D6 /* PassengerViewController.m */; };
		DD8B615717952CEC009591D6 /* DriverViewController.m in Sources */ = {isa = PBXBuildFile; fileRef = DD8B615617952CEC009591D6 /* DriverViewController.m */; };
		DD8B615A1795CBA6009591D6 /* OriginViewController.m in Sources */ = {isa = PBXBuildFile; fileRef = DD8B61591795CBA6009591D6 /* OriginViewController.m */; };
		DD8B615F17961050009591D6 /* PassengerTripViewController.m in Sources */ = {isa = PBXBuildFile; fileRef = DD8B615E17961050009591D6 /* PassengerTripViewController.m */; };
		DDF22C8B179A611100FF376C /* DriverTripViewController.m in Sources */ = {isa = PBXBuildFile; fileRef = DDF22C8A179A611100FF376C /* DriverTripViewController.m */; };
/* End PBXBuildFile section */

/* Begin PBXFileReference section */
		DD04112D17EAD1C200B27456 /* car.png */ = {isa = PBXFileReference; lastKnownFileType = image.png; path = car.png; sourceTree = "<group>"; };
		DD04112E17EAD1C200B27456 /* passenger.png */ = {isa = PBXFileReference; lastKnownFileType = image.png; path = passenger.png; sourceTree = "<group>"; };
		DD04113717EAD92A00B27456 /* pin_dropoff.png */ = {isa = PBXFileReference; lastKnownFileType = image.png; path = pin_dropoff.png; sourceTree = "<group>"; };
		DD04113B17EADBD800B27456 /* pin_pickup.png */ = {isa = PBXFileReference; lastKnownFileType = image.png; path = pin_pickup.png; sourceTree = "<group>"; };
		DD04113D17EADDEB00B27456 /* button_background.png */ = {isa = PBXFileReference; lastKnownFileType = image.png; path = button_background.png; sourceTree = "<group>"; };
		DD04113F17EC299600B27456 /* submit_button.png */ = {isa = PBXFileReference; lastKnownFileType = image.png; path = submit_button.png; sourceTree = "<group>"; };
		DD04114017EC299600B27456 /* clear_button.png */ = {isa = PBXFileReference; lastKnownFileType = image.png; path = clear_button.png; sourceTree = "<group>"; };
		DD8B61111793CC79009591D6 /* iPickUApp.app */ = {isa = PBXFileReference; explicitFileType = wrapper.application; includeInIndex = 0; path = iPickUApp.app; sourceTree = BUILT_PRODUCTS_DIR; };
		DD8B61141793CC79009591D6 /* UIKit.framework */ = {isa = PBXFileReference; lastKnownFileType = wrapper.framework; name = UIKit.framework; path = System/Library/Frameworks/UIKit.framework; sourceTree = SDKROOT; };
		DD8B61161793CC79009591D6 /* Foundation.framework */ = {isa = PBXFileReference; lastKnownFileType = wrapper.framework; name = Foundation.framework; path = System/Library/Frameworks/Foundation.framework; sourceTree = SDKROOT; };
		DD8B61181793CC79009591D6 /* CoreGraphics.framework */ = {isa = PBXFileReference; lastKnownFileType = wrapper.framework; name = CoreGraphics.framework; path = System/Library/Frameworks/CoreGraphics.framework; sourceTree = SDKROOT; };
		DD8B611C1793CC79009591D6 /* iPickUApp-Info.plist */ = {isa = PBXFileReference; lastKnownFileType = text.plist.xml; path = "iPickUApp-Info.plist"; sourceTree = "<group>"; };
		DD8B611E1793CC79009591D6 /* en */ = {isa = PBXFileReference; lastKnownFileType = text.plist.strings; name = en; path = en.lproj/InfoPlist.strings; sourceTree = "<group>"; };
		DD8B61201793CC79009591D6 /* main.m */ = {isa = PBXFileReference; lastKnownFileType = sourcecode.c.objc; path = main.m; sourceTree = "<group>"; };
		DD8B61221793CC79009591D6 /* iPickUApp-Prefix.pch */ = {isa = PBXFileReference; lastKnownFileType = sourcecode.c.h; path = "iPickUApp-Prefix.pch"; sourceTree = "<group>"; };
		DD8B61231793CC79009591D6 /* AppDelegate.h */ = {isa = PBXFileReference; lastKnownFileType = sourcecode.c.h; path = AppDelegate.h; sourceTree = "<group>"; };
		DD8B61241793CC79009591D6 /* AppDelegate.m */ = {isa = PBXFileReference; lastKnownFileType = sourcecode.c.objc; path = AppDelegate.m; sourceTree = "<group>"; };
		DD8B61261793CC79009591D6 /* Default.png */ = {isa = PBXFileReference; lastKnownFileType = image.png; path = Default.png; sourceTree = "<group>"; };
		DD8B61281793CC79009591D6 /* Default@2x.png */ = {isa = PBXFileReference; lastKnownFileType = image.png; path = "Default@2x.png"; sourceTree = "<group>"; };
		DD8B612A1793CC79009591D6 /* Default-568h@2x.png */ = {isa = PBXFileReference; lastKnownFileType = image.png; path = "Default-568h@2x.png"; sourceTree = "<group>"; };
		DD8B612D1793CC79009591D6 /* en */ = {isa = PBXFileReference; lastKnownFileType = file.storyboard; name = en; path = en.lproj/MainStoryboard.storyboard; sourceTree = "<group>"; };
		DD8B612F1793CC79009591D6 /* ViewController.h */ = {isa = PBXFileReference; lastKnownFileType = sourcecode.c.h; path = ViewController.h; sourceTree = "<group>"; };
		DD8B61301793CC79009591D6 /* ViewController.m */ = {isa = PBXFileReference; lastKnownFileType = sourcecode.c.objc; path = ViewController.m; sourceTree = "<group>"; };
		DD8B61371793CD45009591D6 /* Parse.framework */ = {isa = PBXFileReference; lastKnownFileType = wrapper.framework; path = Parse.framework; sourceTree = "<group>"; };
		DD8B61391793CD66009591D6 /* AudioToolbox.framework */ = {isa = PBXFileReference; lastKnownFileType = wrapper.framework; name = AudioToolbox.framework; path = System/Library/Frameworks/AudioToolbox.framework; sourceTree = SDKROOT; };
		DD8B613B1793CD6E009591D6 /* CFNetwork.framework */ = {isa = PBXFileReference; lastKnownFileType = wrapper.framework; name = CFNetwork.framework; path = System/Library/Frameworks/CFNetwork.framework; sourceTree = SDKROOT; };
		DD8B613D1793CD80009591D6 /* CoreLocation.framework */ = {isa = PBXFileReference; lastKnownFileType = wrapper.framework; name = CoreLocation.framework; path = System/Library/Frameworks/CoreLocation.framework; sourceTree = SDKROOT; };
		DD8B613F1793CD8A009591D6 /* libz.1.1.3.dylib */ = {isa = PBXFileReference; lastKnownFileType = "compiled.mach-o.dylib"; name = libz.1.1.3.dylib; path = usr/lib/libz.1.1.3.dylib; sourceTree = SDKROOT; };
		DD8B61411793CD91009591D6 /* MobileCoreServices.framework */ = {isa = PBXFileReference; lastKnownFileType = wrapper.framework; name = MobileCoreServices.framework; path = System/Library/Frameworks/MobileCoreServices.framework; sourceTree = SDKROOT; };
		DD8B61431793CD97009591D6 /* QuartzCore.framework */ = {isa = PBXFileReference; lastKnownFileType = wrapper.framework; name = QuartzCore.framework; path = System/Library/Frameworks/QuartzCore.framework; sourceTree = SDKROOT; };
		DD8B61451793CD9E009591D6 /* Security.framework */ = {isa = PBXFileReference; lastKnownFileType = wrapper.framework; name = Security.framework; path = System/Library/Frameworks/Security.framework; sourceTree = SDKROOT; };
		DD8B61471793CDA4009591D6 /* StoreKit.framework */ = {isa = PBXFileReference; lastKnownFileType = wrapper.framework; name = StoreKit.framework; path = System/Library/Frameworks/StoreKit.framework; sourceTree = SDKROOT; };
		DD8B61491793CDAB009591D6 /* SystemConfiguration.framework */ = {isa = PBXFileReference; lastKnownFileType = wrapper.framework; name = SystemConfiguration.framework; path = System/Library/Frameworks/SystemConfiguration.framework; sourceTree = SDKROOT; };
		DD8B614B1793D346009591D6 /* Passenger.h */ = {isa = PBXFileReference; fileEncoding = 4; lastKnownFileType = sourcecode.c.h; path = Passenger.h; sourceTree = "<group>"; };
		DD8B614C1793D346009591D6 /* Passenger.m */ = {isa = PBXFileReference; fileEncoding = 4; lastKnownFileType = sourcecode.c.objc; path = Passenger.m; sourceTree = "<group>"; };
		DD8B614E1793D57C009591D6 /* Driver.h */ = {isa = PBXFileReference; fileEncoding = 4; lastKnownFileType = sourcecode.c.h; path = Driver.h; sourceTree = "<group>"; };
		DD8B614F1793D57C009591D6 /* Driver.m */ = {isa = PBXFileReference; fileEncoding = 4; lastKnownFileType = sourcecode.c.objc; path = Driver.m; sourceTree = "<group>"; };
		DD8B615117952C29009591D6 /* PassengerViewController.h */ = {isa = PBXFileReference; fileEncoding = 4; lastKnownFileType = sourcecode.c.h; path = PassengerViewController.h; sourceTree = "<group>"; };
		DD8B615217952C29009591D6 /* PassengerViewController.m */ = {isa = PBXFileReference; fileEncoding = 4; lastKnownFileType = sourcecode.c.objc; path = PassengerViewController.m; sourceTree = "<group>"; };
		DD8B615517952CEC009591D6 /* DriverViewController.h */ = {isa = PBXFileReference; fileEncoding = 4; lastKnownFileType = sourcecode.c.h; path = DriverViewController.h; sourceTree = "<group>"; };
		DD8B615617952CEC009591D6 /* DriverViewController.m */ = {isa = PBXFileReference; fileEncoding = 4; lastKnownFileType = sourcecode.c.objc; path = DriverViewController.m; sourceTree = "<group>"; };
		DD8B61581795CBA6009591D6 /* OriginViewController.h */ = {isa = PBXFileReference; fileEncoding = 4; lastKnownFileType = sourcecode.c.h; path = OriginViewController.h; sourceTree = "<group>"; };
		DD8B61591795CBA6009591D6 /* OriginViewController.m */ = {isa = PBXFileReference; fileEncoding = 4; lastKnownFileType = sourcecode.c.objc; path = OriginViewController.m; sourceTree = "<group>"; };
		DD8B615C1795CC0B009591D6 /* LocationProtocol.h */ = {isa = PBXFileReference; lastKnownFileType = sourcecode.c.h; path = LocationProtocol.h; sourceTree = "<group>"; };
		DD8B615D1796104F009591D6 /* PassengerTripViewController.h */ = {isa = PBXFileReference; fileEncoding = 4; lastKnownFileType = sourcecode.c.h; path = PassengerTripViewController.h; sourceTree = "<group>"; };
		DD8B615E17961050009591D6 /* PassengerTripViewController.m */ = {isa = PBXFileReference; fileEncoding = 4; lastKnownFileType = sourcecode.c.objc; path = PassengerTripViewController.m; sourceTree = "<group>"; };
		DDF22C89179A611100FF376C /* DriverTripViewController.h */ = {isa = PBXFileReference; fileEncoding = 4; lastKnownFileType = sourcecode.c.h; path = DriverTripViewController.h; sourceTree = "<group>"; };
		DDF22C8A179A611100FF376C /* DriverTripViewController.m */ = {isa = PBXFileReference; fileEncoding = 4; lastKnownFileType = sourcecode.c.objc; path = DriverTripViewController.m; sourceTree = "<group>"; };
		DDF22C8C179CE73D00FF376C /* TripProtocol.h */ = {isa = PBXFileReference; lastKnownFileType = sourcecode.c.h; path = TripProtocol.h; sourceTree = "<group>"; };
/* End PBXFileReference section */

/* Begin PBXFrameworksBuildPhase section */
		DD8B610E1793CC79009591D6 /* Frameworks */ = {
			isa = PBXFrameworksBuildPhase;
			buildActionMask = 2147483647;
			files = (
				DD8B614A1793CDAB009591D6 /* SystemConfiguration.framework in Frameworks */,
				DD8B61481793CDA4009591D6 /* StoreKit.framework in Frameworks */,
				DD8B61461793CD9E009591D6 /* Security.framework in Frameworks */,
				DD8B61441793CD97009591D6 /* QuartzCore.framework in Frameworks */,
				DD8B61421793CD91009591D6 /* MobileCoreServices.framework in Frameworks */,
				DD8B61401793CD8A009591D6 /* libz.1.1.3.dylib in Frameworks */,
				DD8B613E1793CD80009591D6 /* CoreLocation.framework in Frameworks */,
				DD8B61191793CC79009591D6 /* CoreGraphics.framework in Frameworks */,
				DD8B613C1793CD6E009591D6 /* CFNetwork.framework in Frameworks */,
				DD8B613A1793CD66009591D6 /* AudioToolbox.framework in Frameworks */,
				DD8B61151793CC79009591D6 /* UIKit.framework in Frameworks */,
				DD8B61171793CC79009591D6 /* Foundation.framework in Frameworks */,
				DD8B61381793CD45009591D6 /* Parse.framework in Frameworks */,
			);
			runOnlyForDeploymentPostprocessing = 0;
		};
/* End PBXFrameworksBuildPhase section */

/* Begin PBXGroup section */
		DD04112C17EAD1C200B27456 /* images */ = {
			isa = PBXGroup;
			children = (
				DD04113F17EC299600B27456 /* submit_button.png */,
				DD04114017EC299600B27456 /* clear_button.png */,
				DD04113D17EADDEB00B27456 /* button_background.png */,
				DD04113B17EADBD800B27456 /* pin_pickup.png */,
				DD04113717EAD92A00B27456 /* pin_dropoff.png */,
				DD04112D17EAD1C200B27456 /* car.png */,
				DD04112E17EAD1C200B27456 /* passenger.png */,
			);
			path = images;
			sourceTree = "<group>";
		};
		DD8B61081793CC79009591D6 = {
			isa = PBXGroup;
			children = (
				DD8B611A1793CC79009591D6 /* iPickUApp */,
				DD8B61131793CC79009591D6 /* Frameworks */,
				DD8B61121793CC79009591D6 /* Products */,
			);
			sourceTree = "<group>";
		};
		DD8B61121793CC79009591D6 /* Products */ = {
			isa = PBXGroup;
			children = (
				DD8B61111793CC79009591D6 /* iPickUApp.app */,
			);
			name = Products;
			sourceTree = "<group>";
		};
		DD8B61131793CC79009591D6 /* Frameworks */ = {
			isa = PBXGroup;
			children = (
				DD8B61491793CDAB009591D6 /* SystemConfiguration.framework */,
				DD8B61471793CDA4009591D6 /* StoreKit.framework */,
				DD8B61451793CD9E009591D6 /* Security.framework */,
				DD8B61431793CD97009591D6 /* QuartzCore.framework */,
				DD8B61411793CD91009591D6 /* MobileCoreServices.framework */,
				DD8B613F1793CD8A009591D6 /* libz.1.1.3.dylib */,
				DD8B613D1793CD80009591D6 /* CoreLocation.framework */,
				DD8B613B1793CD6E009591D6 /* CFNetwork.framework */,
				DD8B61391793CD66009591D6 /* AudioToolbox.framework */,
				DD8B61371793CD45009591D6 /* Parse.framework */,
				DD8B61141793CC79009591D6 /* UIKit.framework */,
				DD8B61161793CC79009591D6 /* Foundation.framework */,
				DD8B61181793CC79009591D6 /* CoreGraphics.framework */,
			);
			name = Frameworks;
			sourceTree = "<group>";
		};
		DD8B611A1793CC79009591D6 /* iPickUApp */ = {
			isa = PBXGroup;
			children = (
				DD04112C17EAD1C200B27456 /* images */,
				DD8B615B1795CBE8009591D6 /* Protocols */,
				DD8B61231793CC79009591D6 /* AppDelegate.h */,
				DD8B61241793CC79009591D6 /* AppDelegate.m */,
				DD8B612C1793CC79009591D6 /* MainStoryboard.storyboard */,
				DD8B612F1793CC79009591D6 /* ViewController.h */,
				DD8B61301793CC79009591D6 /* ViewController.m */,
				DD8B611B1793CC79009591D6 /* Supporting Files */,
				DD8B615417952C34009591D6 /* Models */,
				DD8B615117952C29009591D6 /* PassengerViewController.h */,
				DD8B615217952C29009591D6 /* PassengerViewController.m */,
				DD8B615517952CEC009591D6 /* DriverViewController.h */,
				DD8B615617952CEC009591D6 /* DriverViewController.m */,
				DD8B61581795CBA6009591D6 /* OriginViewController.h */,
				DD8B61591795CBA6009591D6 /* OriginViewController.m */,
				DD8B615D1796104F009591D6 /* PassengerTripViewController.h */,
				DD8B615E17961050009591D6 /* PassengerTripViewController.m */,
				DDF22C89179A611100FF376C /* DriverTripViewController.h */,
				DDF22C8A179A611100FF376C /* DriverTripViewController.m */,
			);
			path = iPickUApp;
			sourceTree = "<group>";
		};
		DD8B611B1793CC79009591D6 /* Supporting Files */ = {
			isa = PBXGroup;
			children = (
				DD8B611C1793CC79009591D6 /* iPickUApp-Info.plist */,
				DD8B611D1793CC79009591D6 /* InfoPlist.strings */,
				DD8B61201793CC79009591D6 /* main.m */,
				DD8B61221793CC79009591D6 /* iPickUApp-Prefix.pch */,
				DD8B61261793CC79009591D6 /* Default.png */,
				DD8B61281793CC79009591D6 /* Default@2x.png */,
				DD8B612A1793CC79009591D6 /* Default-568h@2x.png */,
			);
			name = "Supporting Files";
			sourceTree = "<group>";
		};
		DD8B615417952C34009591D6 /* Models */ = {
			isa = PBXGroup;
			children = (
				DD8B614B1793D346009591D6 /* Passenger.h */,
				DD8B614C1793D346009591D6 /* Passenger.m */,
				DD8B614E1793D57C009591D6 /* Driver.h */,
				DD8B614F1793D57C009591D6 /* Driver.m */,
			);
			name = Models;
			sourceTree = "<group>";
		};
		DD8B615B1795CBE8009591D6 /* Protocols */ = {
			isa = PBXGroup;
			children = (
				DD8B615C1795CC0B009591D6 /* LocationProtocol.h */,
				DDF22C8C179CE73D00FF376C /* TripProtocol.h */,
			);
			name = Protocols;
			sourceTree = "<group>";
		};
/* End PBXGroup section */

/* Begin PBXNativeTarget section */
		DD8B61101793CC79009591D6 /* iPickUApp */ = {
			isa = PBXNativeTarget;
			buildConfigurationList = DD8B61341793CC79009591D6 /* Build configuration list for PBXNativeTarget "iPickUApp" */;
			buildPhases = (
				DD8B610D1793CC79009591D6 /* Sources */,
				DD8B610E1793CC79009591D6 /* Frameworks */,
				DD8B610F1793CC79009591D6 /* Resources */,
			);
			buildRules = (
			);
			dependencies = (
			);
			name = iPickUApp;
			productName = iPickUApp;
			productReference = DD8B61111793CC79009591D6 /* iPickUApp.app */;
			productType = "com.apple.product-type.application";
		};
/* End PBXNativeTarget section */

/* Begin PBXProject section */
		DD8B61091793CC79009591D6 /* Project object */ = {
			isa = PBXProject;
			attributes = {
				LastUpgradeCheck = 0460;
				ORGANIZATIONNAME = "Giuseppe Macrì";
			};
			buildConfigurationList = DD8B610C1793CC79009591D6 /* Build configuration list for PBXProject "iPickUApp" */;
			compatibilityVersion = "Xcode 3.2";
			developmentRegion = English;
			hasScannedForEncodings = 0;
			knownRegions = (
				en,
			);
			mainGroup = DD8B61081793CC79009591D6;
			productRefGroup = DD8B61121793CC79009591D6 /* Products */;
			projectDirPath = "";
			projectRoot = "";
			targets = (
				DD8B61101793CC79009591D6 /* iPickUApp */,
			);
		};
/* End PBXProject section */

/* Begin PBXResourcesBuildPhase section */
		DD8B610F1793CC79009591D6 /* Resources */ = {
			isa = PBXResourcesBuildPhase;
			buildActionMask = 2147483647;
			files = (
				DD8B611F1793CC79009591D6 /* InfoPlist.strings in Resources */,
				DD8B61271793CC79009591D6 /* Default.png in Resources */,
				DD8B61291793CC79009591D6 /* Default@2x.png in Resources */,
				DD8B612B1793CC79009591D6 /* Default-568h@2x.png in Resources */,
				DD8B612E1793CC79009591D6 /* MainStoryboard.storyboard in Resources */,
				DD04112F17EAD1C200B27456 /* car.png in Resources */,
				DD04113017EAD1C200B27456 /* passenger.png in Resources */,
				DD04113817EAD92A00B27456 /* pin_dropoff.png in Resources */,
				DD04113C17EADBD800B27456 /* pin_pickup.png in Resources */,
				DD04113E17EADDEB00B27456 /* button_background.png in Resources */,
				DD04114117EC299600B27456 /* submit_button.png in Resources */,
				DD04114217EC299600B27456 /* clear_button.png in Resources */,
			);
			runOnlyForDeploymentPostprocessing = 0;
		};
/* End PBXResourcesBuildPhase section */

/* Begin PBXSourcesBuildPhase section */
		DD8B610D1793CC79009591D6 /* Sources */ = {
			isa = PBXSourcesBuildPhase;
			buildActionMask = 2147483647;
			files = (
				DD8B61211793CC79009591D6 /* main.m in Sources */,
				DD8B61251793CC79009591D6 /* AppDelegate.m in Sources */,
				DD8B61311793CC79009591D6 /* ViewController.m in Sources */,
				DD8B614D1793D346009591D6 /* Passenger.m in Sources */,
				DD8B61501793D57C009591D6 /* Driver.m in Sources */,
				DD8B615317952C29009591D6 /* PassengerViewController.m in Sources */,
				DD8B615717952CEC009591D6 /* DriverViewController.m in Sources */,
				DD8B615A1795CBA6009591D6 /* OriginViewController.m in Sources */,
				DD8B615F17961050009591D6 /* PassengerTripViewController.m in Sources */,
				DDF22C8B179A611100FF376C /* DriverTripViewController.m in Sources */,
			);
			runOnlyForDeploymentPostprocessing = 0;
		};
/* End PBXSourcesBuildPhase section */

/* Begin PBXVariantGroup section */
		DD8B611D1793CC79009591D6 /* InfoPlist.strings */ = {
			isa = PBXVariantGroup;
			children = (
				DD8B611E1793CC79009591D6 /* en */,
			);
			name = InfoPlist.strings;
			sourceTree = "<group>";
		};
		DD8B612C1793CC79009591D6 /* MainStoryboard.storyboard */ = {
			isa = PBXVariantGroup;
			children = (
				DD8B612D1793CC79009591D6 /* en */,
			);
			name = MainStoryboard.storyboard;
			sourceTree = "<group>";
		};
/* End PBXVariantGroup section */

/* Begin XCBuildConfiguration section */
		DD8B61321793CC79009591D6 /* Debug */ = {
			isa = XCBuildConfiguration;
			buildSettings = {
				ALWAYS_SEARCH_USER_PATHS = NO;
				CLANG_CXX_LANGUAGE_STANDARD = "gnu++0x";
				CLANG_CXX_LIBRARY = "libc++";
				CLANG_ENABLE_OBJC_ARC = YES;
				CLANG_WARN_CONSTANT_CONVERSION = YES;
				CLANG_WARN_EMPTY_BODY = YES;
				CLANG_WARN_ENUM_CONVERSION = YES;
				CLANG_WARN_INT_CONVERSION = YES;
				CLANG_WARN__DUPLICATE_METHOD_MATCH = YES;
				"CODE_SIGN_IDENTITY[sdk=iphoneos*]" = "iPhone Developer";
				COPY_PHASE_STRIP = NO;
				GCC_C_LANGUAGE_STANDARD = gnu99;
				GCC_DYNAMIC_NO_PIC = NO;
				GCC_OPTIMIZATION_LEVEL = 0;
				GCC_PREPROCESSOR_DEFINITIONS = (
					"DEBUG=1",
					"$(inherited)",
				);
				GCC_SYMBOLS_PRIVATE_EXTERN = NO;
				GCC_WARN_ABOUT_RETURN_TYPE = YES;
				GCC_WARN_UNINITIALIZED_AUTOS = YES;
				GCC_WARN_UNUSED_VARIABLE = YES;
				IPHONEOS_DEPLOYMENT_TARGET = 6.1;
				ONLY_ACTIVE_ARCH = YES;
				SDKROOT = iphoneos;
			};
			name = Debug;
		};
		DD8B61331793CC79009591D6 /* Release */ = {
			isa = XCBuildConfiguration;
			buildSettings = {
				ALWAYS_SEARCH_USER_PATHS = NO;
				CLANG_CXX_LANGUAGE_STANDARD = "gnu++0x";
				CLANG_CXX_LIBRARY = "libc++";
				CLANG_ENABLE_OBJC_ARC = YES;
				CLANG_WARN_CONSTANT_CONVERSION = YES;
				CLANG_WARN_EMPTY_BODY = YES;
				CLANG_WARN_ENUM_CONVERSION = YES;
				CLANG_WARN_INT_CONVERSION = YES;
				CLANG_WARN__DUPLICATE_METHOD_MATCH = YES;
				"CODE_SIGN_IDENTITY[sdk=iphoneos*]" = "iPhone Developer";
				COPY_PHASE_STRIP = YES;
				GCC_C_LANGUAGE_STANDARD = gnu99;
				GCC_WARN_ABOUT_RETURN_TYPE = YES;
				GCC_WARN_UNINITIALIZED_AUTOS = YES;
				GCC_WARN_UNUSED_VARIABLE = YES;
				IPHONEOS_DEPLOYMENT_TARGET = 6.1;
				OTHER_CFLAGS = "-DNS_BLOCK_ASSERTIONS=1";
				SDKROOT = iphoneos;
				VALIDATE_PRODUCT = YES;
			};
			name = Release;
		};
		DD8B61351793CC79009591D6 /* Debug */ = {
			isa = XCBuildConfiguration;
			buildSettings = {
				FRAMEWORK_SEARCH_PATHS = (
					"$(inherited)",
					"\"$(SRCROOT)\"",
				);
				GCC_PRECOMPILE_PREFIX_HEADER = YES;
				GCC_PREFIX_HEADER = "iPickUApp/iPickUApp-Prefix.pch";
				INFOPLIST_FILE = "iPickUApp/iPickUApp-Info.plist";
				PRODUCT_NAME = "$(TARGET_NAME)";
				WRAPPER_EXTENSION = app;
			};
			name = Debug;
		};
		DD8B61361793CC79009591D6 /* Release */ = {
			isa = XCBuildConfiguration;
			buildSettings = {
				FRAMEWORK_SEARCH_PATHS = (
					"$(inherited)",
					"\"$(SRCROOT)\"",
				);
				GCC_PRECOMPILE_PREFIX_HEADER = YES;
				GCC_PREFIX_HEADER = "iPickUApp/iPickUApp-Prefix.pch";
				INFOPLIST_FILE = "iPickUApp/iPickUApp-Info.plist";
				PRODUCT_NAME = "$(TARGET_NAME)";
				WRAPPER_EXTENSION = app;
			};
			name = Release;
		};
/* End XCBuildConfiguration section */

/* Begin XCConfigurationList section */
		DD8B610C1793CC79009591D6 /* Build configuration list for PBXProject "iPickUApp" */ = {
			isa = XCConfigurationList;
			buildConfigurations = (
				DD8B61321793CC79009591D6 /* Debug */,
				DD8B61331793CC79009591D6 /* Release */,
			);
			defaultConfigurationIsVisible = 0;
			defaultConfigurationName = Release;
		};
		DD8B61341793CC79009591D6 /* Build configuration list for PBXNativeTarget "iPickUApp" */ = {
			isa = XCConfigurationList;
			buildConfigurations = (
				DD8B61351793CC79009591D6 /* Debug */,
				DD8B61361793CC79009591D6 /* Release */,
			);
			defaultConfigurationIsVisible = 0;
			defaultConfigurationName = Release;
		};
/* End XCConfigurationList section */
	};
	rootObject = DD8B61091793CC79009591D6 /* Project object */;
}
